
Microsoft Visual Studio Solution File, Format Version 11.00
# Visual Studio 2010
Project("{FAE04EC0-301F-11D3-BF4B-00C04F79EFBC}") = "Assembly-CSharp", "Assembly-CSharp.csproj", "{e1697f35-b3dd-bfed-ed08-97773130408f}"
EndProject
Project("{FAE04EC0-301F-11D3-BF4B-00C04F79EFBC}") = "Unity.XR.Interaction.Toolkit.Samples.StarterAssets", "Unity.XR.Interaction.Toolkit.Samples.StarterAssets.csproj", "{1f66b742-bc8a-b433-6d13-40719b81bc3e}"
EndProject
Project("{FAE04EC0-301F-11D3-BF4B-00C04F79EFBC}") = "Assembly-CSharp-Editor", "Assembly-CSharp-Editor.csproj", "{ab536b0f-9cf7-818b-8c60-32ca8cabd027}"
EndProject
Project("{FAE04EC0-301F-11D3-BF4B-00C04F79EFBC}") = "Unity.XR.Interaction.Toolkit.Samples.StarterAssets.Editor", "Unity.XR.Interaction.Toolkit.Samples.StarterAssets.Editor.csproj", "{2735741c-a143-7b56-81f3-f68860aedbc7}"
EndProject
Project("{FAE04EC0-301F-11D3-BF4B-00C04F79EFBC}") = "Unity.XR.Interaction.Toolkit.Samples.DeviceSimulator", "Unity.XR.Interaction.Toolkit.Samples.DeviceSimulator.csproj", "{dca61901-17cb-49a1-5a1c-c33b134eb135}"
EndProject
Global
	GlobalSection(SolutionConfigurationPlatforms) = preSolution
		Debug|Any CPU = Debug|Any CPU
	EndGlobalSection
	GlobalSection(ProjectConfigurationPlatforms) = postSolution
		{e1697f35-b3dd-bfed-ed08-97773130408f}.Debug|Any CPU.ActiveCfg = Debug|Any CPU
		{e1697f35-b3dd-bfed-ed08-97773130408f}.Debug|Any CPU.Build.0 = Debug|Any CPU
		{1f66b742-bc8a-b433-6d13-40719b81bc3e}.Debug|Any CPU.ActiveCfg = Debug|Any CPU
		{1f66b742-bc8a-b433-6d13-40719b81bc3e}.Debug|Any CPU.Build.0 = Debug|Any CPU
		{ab536b0f-9cf7-818b-8c60-32ca8cabd027}.Debug|Any CPU.ActiveCfg = Debug|Any CPU
		{ab536b0f-9cf7-818b-8c60-32ca8cabd027}.Debug|Any CPU.Build.0 = Debug|Any CPU
		{2735741c-a143-7b56-81f3-f68860aedbc7}.Debug|Any CPU.ActiveCfg = Debug|Any CPU
		{2735741c-a143-7b56-81f3-f68860aedbc7}.Debug|Any CPU.Build.0 = Debug|Any CPU
		{dca61901-17cb-49a1-5a1c-c33b134eb135}.Debug|Any CPU.ActiveCfg = Debug|Any CPU
		{dca61901-17cb-49a1-5a1c-c33b134eb135}.Debug|Any CPU.Build.0 = Debug|Any CPU
	EndGlobalSection
	GlobalSection(SolutionProperties) = preSolution
		HideSolutionNode = FALSE
	EndGlobalSection
EndGlobal
